<?xml version="1.0" encoding="utf-8"?>
<Project ToolsVersion="4.0" xmlns="http://schemas.microsoft.com/developer/msbuild/2003">
  <ItemGroup>
    <Filter Include="Resource Files">
      <UniqueIdentifier>{1a913106-0be0-4476-b0ce-2aa855072614}</UniqueIdentifier>
      <Extensions>ico;cur;bmp;dlg;rc2;rct;bin;cnt;rtf;gif;jpg;jpeg;jpe</Extensions>
    </Filter>
    <Filter Include="MFC">
      <UniqueIdentifier>{da904ee8-7f59-4a6c-b3ff-b91b6fb6d0ea}</UniqueIdentifier>
    </Filter>
    <Filter Include="GameLibrary">
      <UniqueIdentifier>{df7aa532-3fdf-46a0-b3fc-8f5922e8d9e4}</UniqueIdentifier>
    </Filter>
    <Filter Include="MyGame">
      <UniqueIdentifier>{0c798913-b7d2-4e26-8241-0f83266cd626}</UniqueIdentifier>
    </Filter>
  </ItemGroup>
  <ItemGroup>
    <None Include="Res\ball.bmp">
      <Filter>Resource Files</Filter>
    </None>
    <None Include="RES\bmp0.bmp">
      <Filter>Resource Files</Filter>
    </None>
    <None Include="RES\bmp1.bmp">
      <Filter>Resource Files</Filter>
    </None>
    <None Include="RES\bmp10.bmp">
      <Filter>Resource Files</Filter>
    </None>
    <None Include="RES\bmp2.bmp">
      <Filter>Resource Files</Filter>
    </None>
    <None Include="RES\bmp3.bmp">
      <Filter>Resource Files</Filter>
    </None>
    <None Include="RES\bmp4.bmp">
      <Filter>Resource Files</Filter>
    </None>
    <None Include="RES\bmp5.bmp">
      <Filter>Resource Files</Filter>
    </None>
    <None Include="RES\bmp6.bmp">
      <Filter>Resource Files</Filter>
    </None>
    <None Include="RES\bmp7.bmp">
      <Filter>Resource Files</Filter>
    </None>
    <None Include="RES\bmp8.bmp">
      <Filter>Resource Files</Filter>
    </None>
    <None Include="RES\bmp9.bmp">
      <Filter>Resource Files</Filter>
    </None>
    <None Include="RES\center.bmp">
      <Filter>Resource Files</Filter>
    </None>
    <None Include="RES\continue.bmp">
      <Filter>Resource Files</Filter>
    </None>
    <None Include="Res\corner.bmp">
      <Filter>Resource Files</Filter>
    </None>
    <None Include="RES\eraser1.bmp">
      <Filter>Resource Files</Filter>
    </None>
    <None Include="RES\eraser2.bmp">
      <Filter>Resource Files</Filter>
    </None>
    <None Include="RES\eraser3.bmp">
      <Filter>Resource Files</Filter>
    </None>
    <None Include="res\game.rc2">
      <Filter>Resource Files</Filter>
    </None>
    <None Include="RES\gamecurs.cur">
      <Filter>Resource Files</Filter>
    </None>
    <None Include="res\gameDoc.ico">
      <Filter>Resource Files</Filter>
    </None>
    <None Include="RES\help.bmp">
      <Filter>Resource Files</Filter>
    </None>
    <None Include="RES\loading.bmp">
      <Filter>Resource Files</Filter>
    </None>
    <None Include="RES\ntutcsie.bmp">
      <Filter>Resource Files</Filter>
    </None>
    <None Include="res\Toolbar.bmp">
      <Filter>Resource Files</Filter>
    </None>
    <None Include="packages.config" />
  </ItemGroup>
  <ItemGroup>
    <ClCompile Include="Source\audio.cpp">
      <Filter>GameLibrary</Filter>
    </ClCompile>
    <ClCompile Include="Source\game.cpp">
      <Filter>MFC</Filter>
    </ClCompile>
    <ClCompile Include="Source\gameDoc.cpp">
      <Filter>MFC</Filter>
    </ClCompile>
    <ClCompile Include="Source\gamelib.cpp">
      <Filter>GameLibrary</Filter>
    </ClCompile>
    <ClCompile Include="Source\gameView.cpp">
      <Filter>MFC</Filter>
    </ClCompile>
    <ClCompile Include="Source\MainFrm.cpp">
      <Filter>MFC</Filter>
    </ClCompile>
    <ClCompile Include="Source\StdAfx.cpp">
      <Filter>MFC</Filter>
    </ClCompile>
    <ClCompile Include="Source\mygame.cpp">
      <Filter>MyGame</Filter>
    </ClCompile>
    <ClCompile Include="Source\CBall.cpp">
      <Filter>MyGame</Filter>
    </ClCompile>
    <ClCompile Include="Source\CBouncingBall.cpp">
      <Filter>MyGame</Filter>
    </ClCompile>
    <ClCompile Include="Source\CGameMap.cpp">
      <Filter>MyGame</Filter>
    </ClCompile>
    <ClCompile Include="Source\CHero.cpp">
      <Filter>MyGame</Filter>
    </ClCompile>
    <ClCompile Include="Source\Slime.cpp">
      <Filter>MyGame</Filter>
    </ClCompile>
    <ClCompile Include="Source\FireBall.cpp">
      <Filter>MyGame</Filter>
    </ClCompile>
  </ItemGroup>
  <ItemGroup>
    <ClInclude Include="Source\audio.h">
      <Filter>GameLibrary</Filter>
    </ClInclude>
    <ClInclude Include="Source\game.h">
      <Filter>MFC</Filter>
    </ClInclude>
    <ClInclude Include="Source\gameDoc.h">
      <Filter>MFC</Filter>
    </ClInclude>
    <ClInclude Include="Source\gamelib.h">
      <Filter>GameLibrary</Filter>
    </ClInclude>
    <ClInclude Include="Source\gameView.h">
      <Filter>MFC</Filter>
    </ClInclude>
    <ClInclude Include="Source\MainFrm.h">
      <Filter>MFC</Filter>
    </ClInclude>
    <ClInclude Include="Source\Resource.h">
      <Filter>MFC</Filter>
    </ClInclude>
    <ClInclude Include="Source\StdAfx.h">
      <Filter>MFC</Filter>
    </ClInclude>
    <ClInclude Include="Source\mygame.h">
      <Filter>MyGame</Filter>
    </ClInclude>
    <ClInclude Include="Source\CBall.h">
      <Filter>MyGame</Filter>
    </ClInclude>
    <ClInclude Include="Source\CBouncingBall.h">
      <Filter>MyGame</Filter>
    </ClInclude>
    <ClInclude Include="Source\CGameMap.h">
      <Filter>MyGame</Filter>
    </ClInclude>
    <ClInclude Include="Source\CHero.h">
      <Filter>MyGame</Filter>
    </ClInclude>
    <ClInclude Include="Source\CMonster.h">
      <Filter>MyGame</Filter>
    </ClInclude>
    <ClInclude Include="Source\Slime.h">
      <Filter>MyGame</Filter>
    </ClInclude>
    <ClInclude Include="Source\CSpell.h">
      <Filter>MyGame</Filter>
    </ClInclude>
    <ClInclude Include="Source\FireBall.h">
      <Filter>MyGame</Filter>
    </ClInclude>
  </ItemGroup>
  <ItemGroup>
    <ResourceCompile Include="Source\game.rc">
      <Filter>MFC</Filter>
    </ResourceCompile>
  </ItemGroup>
  <ItemGroup>
    <Image Include="res\bitmap3.bmp">
      <Filter>Resource Files</Filter>
    </Image>
    <Image Include="RES\down.bmp">
      <Filter>Resource Files</Filter>
    </Image>
    <Image Include="RES\left.bmp">
      <Filter>Resource Files</Filter>
    </Image>
    <Image Include="RES\movedown.bmp">
      <Filter>Resource Files</Filter>
    </Image>
    <Image Include="RES\moveleft.bmp">
      <Filter>Resource Files</Filter>
    </Image>
    <Image Include="RES\moveright.bmp">
      <Filter>Resource Files</Filter>
    </Image>
    <Image Include="RES\moveup.bmp">
      <Filter>Resource Files</Filter>
    </Image>
    <Image Include="RES\right.bmp">
      <Filter>Resource Files</Filter>
    </Image>
    <Image Include="RES\up.bmp">
      <Filter>Resource Files</Filter>
    </Image>
    <Image Include="RES\black.bmp">
      <Filter>Resource Files</Filter>
    </Image>
    <Image Include="RES\white.bmp">
      <Filter>Resource Files</Filter>
    </Image>
    <Image Include="RES\well.bmp">
      <Filter>Resource Files</Filter>
    </Image>
    <Image Include="RES\wwell.bmp">
      <Filter>Resource Files</Filter>
    </Image>
    <Image Include="RES\monster\bmp1.bmp">
      <Filter>Resource Files</Filter>
    </Image>
    <Image Include="RES\monster\slime2.bmp">
      <Filter>Resource Files</Filter>
    </Image>
    <Image Include="RES\monster\slime3.bmp">
      <Filter>Resource Files</Filter>
    </Image>
    <Image Include="RES\monster\slime1.bmp">
      <Filter>Resource Files</Filter>
    </Image>
    <Image Include="RES\monster\slimejump1.bmp">
      <Filter>Resource Files</Filter>
    </Image>
    <Image Include="RES\monster\slimejump2.bmp">
      <Filter>Resource Files</Filter>
    </Image>
    <Image Include="RES\monster\slimejump3.bmp">
      <Filter>Resource Files</Filter>
    </Image>
    <Image Include="RES\monster\slimejump4.bmp">
      <Filter>Resource Files</Filter>
    </Image>
    <Image Include="RES\monster\slimejump5.bmp">
      <Filter>Resource Files</Filter>
    </Image>
    <Image Include="RES\hero\down_hit.bmp">
      <Filter>Resource Files</Filter>
    </Image>
    <Image Include="RES\hero\left_hit.bmp">
      <Filter>Resource Files</Filter>
    </Image>
    <Image Include="RES\hero\right_hit.bmp">
      <Filter>Resource Files</Filter>
    </Image>
    <Image Include="RES\hero\up_hit.bmp">
      <Filter>Resource Files</Filter>
    </Image>
    <Image Include="RES\monster\slimehit.bmp">
      <Filter>Resource Files</Filter>
    </Image>
    <Image Include="RES\game.ico">
      <Filter>Resource Files</Filter>
    </Image>
    <Image Include="RES\hero\movedown_0.bmp">
      <Filter>Resource Files</Filter>
    </Image>
    <Image Include="RES\hero\movedown_1.bmp">
      <Filter>Resource Files</Filter>
    </Image>
    <Image Include="RES\hero\movedown_2.bmp">
      <Filter>Resource Files</Filter>
    </Image>
    <Image Include="RES\hero\movedown_3.bmp">
      <Filter>Resource Files</Filter>
    </Image>
    <Image Include="RES\hero\movedown_4.bmp">
      <Filter>Resource Files</Filter>
    </Image>
    <Image Include="RES\hero\moveleft_0.bmp">
      <Filter>Resource Files</Filter>
    </Image>
    <Image Include="RES\hero\moveleft_1.bmp">
      <Filter>Resource Files</Filter>
    </Image>
    <Image Include="RES\hero\moveleft_2.bmp">
      <Filter>Resource Files</Filter>
    </Image>
    <Image Include="RES\hero\moveleft_3.bmp">
      <Filter>Resource Files</Filter>
    </Image>
    <Image Include="RES\hero\moveleft_4.bmp">
      <Filter>Resource Files</Filter>
    </Image>
    <Image Include="RES\hero\moveleft_5.bmp">
      <Filter>Resource Files</Filter>
    </Image>
    <Image Include="RES\hero\moveright_0.bmp">
      <Filter>Resource Files</Filter>
    </Image>
    <Image Include="RES\hero\moveright_1.bmp">
      <Filter>Resource Files</Filter>
    </Image>
    <Image Include="RES\hero\moveright_2.bmp">
      <Filter>Resource Files</Filter>
    </Image>
    <Image Include="RES\hero\moveright_3.bmp">
      <Filter>Resource Files</Filter>
    </Image>
    <Image Include="RES\hero\moveright_4.bmp">
      <Filter>Resource Files</Filter>
    </Image>
    <Image Include="RES\hero\moveright_5.bmp">
      <Filter>Resource Files</Filter>
    </Image>
    <Image Include="RES\hero\moveup_0.bmp">
      <Filter>Resource Files</Filter>
    </Image>
    <Image Include="RES\hero\moveup_1.bmp">
      <Filter>Resource Files</Filter>
    </Image>
    <Image Include="RES\hero\moveup_2.bmp">
      <Filter>Resource Files</Filter>
    </Image>
    <Image Include="RES\hero\moveup_3.bmp">
      <Filter>Resource Files</Filter>
    </Image>
    <Image Include="RES\hero\moveup_4.bmp">
      <Filter>Resource Files</Filter>
    </Image>
    <Image Include="res\hero\down.bmp">
      <Filter>Resource Files</Filter>
    </Image>
    <Image Include="res\hero\left.bmp">
      <Filter>Resource Files</Filter>
    </Image>
    <Image Include="res\hero\right.bmp">
      <Filter>Resource Files</Filter>
    </Image>
    <Image Include="res\hero\up.bmp">
      <Filter>Resource Files</Filter>
    </Image>
    <Image Include="RES\hero\down_hit_0.bmp">
      <Filter>Resource Files</Filter>
    </Image>
    <Image Include="RES\hero\down_hit_1.bmp">
      <Filter>Resource Files</Filter>
    </Image>
    <Image Include="RES\hero\down_hit_2.bmp">
      <Filter>Resource Files</Filter>
    </Image>
    <Image Include="RES\hero\right_hit_0.bmp">
      <Filter>Resource Files</Filter>
    </Image>
    <Image Include="RES\hero\right_hit_1.bmp">
      <Filter>Resource Files</Filter>
    </Image>
    <Image Include="RES\hero\right_hit_2.bmp">
      <Filter>Resource Files</Filter>
    </Image>
    <Image Include="RES\hero\left_hit_0.bmp">
      <Filter>Resource Files</Filter>
    </Image>
    <Image Include="RES\hero\left_hit_1.bmp">
      <Filter>Resource Files</Filter>
    </Image>
    <Image Include="RES\hero\left_hit_2.bmp">
      <Filter>Resource Files</Filter>
    </Image>
    <Image Include="RES\hero\up_hit_0.bmp">
      <Filter>Resource Files</Filter>
    </Image>
    <Image Include="RES\hero\up_hit_1.bmp">
      <Filter>Resource Files</Filter>
    </Image>
    <Image Include="RES\hero\up_hit_2.bmp">
      <Filter>Resource Files</Filter>
    </Image>
    <Image Include="RES\start-1.bmp">
      <Filter>Resource Files</Filter>
    </Image>
    <Image Include="RES\pause.bmp">
      <Filter>Resource Files</Filter>
    </Image>
    <Image Include="RES\helpbar.bmp">
      <Filter>Resource Files</Filter>
    </Image>
    <Image Include="RES\over.bmp">
      <Filter>Resource Files</Filter>
    </Image>
    <Image Include="RES\emptyheart.bmp">
      <Filter>Resource Files</Filter>
    </Image>
    <Image Include="RES\heart.bmp">
      <Filter>Resource Files</Filter>
    </Image>
    <Image Include="RES\feature\store2.bmp">
      <Filter>Resource Files</Filter>
    </Image>
    <Image Include="RES\feature\hill.bmp">
      <Filter>Resource Files</Filter>
    </Image>
    <Image Include="RES\feature\aman.bmp">
      <Filter>Resource Files</Filter>
    </Image>
    <Image Include="RES\feature\stone1.bmp">
      <Filter>Resource Files</Filter>
    </Image>
    <Image Include="RES\feature\stone2.bmp">
      <Filter>Resource Files</Filter>
    </Image>
    <Image Include="RES\feature\stone3.bmp">
      <Filter>Resource Files</Filter>
    </Image>
    <Image Include="RES\feature\box.bmp">
      <Filter>Resource Files</Filter>
    </Image>
    <Image Include="RES\feature\feature2.bmp">
      <Filter>Resource Files</Filter>
    </Image>
    <Image Include="RES\feature\feature5.bmp">
      <Filter>Resource Files</Filter>
    </Image>
    <Image Include="RES\feature\feature7.bmp">
      <Filter>Resource Files</Filter>
    </Image>
    <Image Include="RES\feature\sfire.bmp">
      <Filter>Resource Files</Filter>
    </Image>
    <Image Include="RES\feature\stree.bmp">
      <Filter>Resource Files</Filter>
    </Image>
    <Image Include="RES\feature\tree.bmp">
      <Filter>Resource Files</Filter>
    </Image>
    <Image Include="RES\feature\candle.bmp">
      <Filter>Resource Files</Filter>
    </Image>
  </ItemGroup>
</Project>