
Microsoft Visual Studio Solution File, Format Version 12.00
# Visual Studio 15
VisualStudioVersion = 15.0.28307.489
MinimumVisualStudioVersion = 10.0.40219.1
Project("{8BC9CEB8-8B4A-11D0-8D11-00A0C91BC942}") = "game", "game.vcxproj", "{DDD280D7-4B85-4B03-BBC4-C46CA9BECCCB}"
EndProject
Project("{54435603-DBB4-11D2-8724-00A0C9A8B90C}") = "Setup", "gameSetup.vdproj", "{984E2E2A-0DB0-4F9D-9E5C-A3C536609A39}"
EndProject
Project("{8BC9CEB8-8B4A-11D0-8D11-00A0C91BC942}") = "UnitTests", "UnitTests\UnitTests.vcxproj", "{AEDB8838-4B06-460D-B2A3-945985AD294A}"
EndProject
Project("{54435603-DBB4-11D2-8724-00A0C9A8B90C}") = "Setup1", "Setup1\Setup1.vdproj", "{85D3699B-4D05-4A4E-BC9E-BD11390FD40A}"
EndProject
Global
	GlobalSection(SolutionConfigurationPlatforms) = preSolution
		Debug|Win32 = Debug|Win32
		Debug|x64 = Debug|x64
		Release|Win32 = Release|Win32
		Release|x64 = Release|x64
	EndGlobalSection
	GlobalSection(ProjectConfigurationPlatforms) = postSolution
		{DDD280D7-4B85-4B03-BBC4-C46CA9BECCCB}.Debug|Win32.ActiveCfg = Debug|Win32
		{DDD280D7-4B85-4B03-BBC4-C46CA9BECCCB}.Debug|Win32.Build.0 = Debug|Win32
		{DDD280D7-4B85-4B03-BBC4-C46CA9BECCCB}.Debug|x64.ActiveCfg = Debug|Win32
		{DDD280D7-4B85-4B03-BBC4-C46CA9BECCCB}.Release|Win32.ActiveCfg = Release|Win32
		{DDD280D7-4B85-4B03-BBC4-C46CA9BECCCB}.Release|Win32.Build.0 = Release|Win32
		{DDD280D7-4B85-4B03-BBC4-C46CA9BECCCB}.Release|x64.ActiveCfg = Release|Win32
		{984E2E2A-0DB0-4F9D-9E5C-A3C536609A39}.Debug|Win32.ActiveCfg = Debug
		{984E2E2A-0DB0-4F9D-9E5C-A3C536609A39}.Debug|x64.ActiveCfg = Debug
		{984E2E2A-0DB0-4F9D-9E5C-A3C536609A39}.Debug|x64.Build.0 = Debug
		{984E2E2A-0DB0-4F9D-9E5C-A3C536609A39}.Release|Win32.ActiveCfg = Release
		{984E2E2A-0DB0-4F9D-9E5C-A3C536609A39}.Release|Win32.Build.0 = Release
		{984E2E2A-0DB0-4F9D-9E5C-A3C536609A39}.Release|x64.ActiveCfg = Release
		{984E2E2A-0DB0-4F9D-9E5C-A3C536609A39}.Release|x64.Build.0 = Release
		{AEDB8838-4B06-460D-B2A3-945985AD294A}.Debug|Win32.ActiveCfg = Debug|Win32
		{AEDB8838-4B06-460D-B2A3-945985AD294A}.Debug|Win32.Build.0 = Debug|Win32
		{AEDB8838-4B06-460D-B2A3-945985AD294A}.Debug|x64.ActiveCfg = Debug|x64
		{AEDB8838-4B06-460D-B2A3-945985AD294A}.Debug|x64.Build.0 = Debug|x64
		{AEDB8838-4B06-460D-B2A3-945985AD294A}.Release|Win32.ActiveCfg = Release|Win32
		{AEDB8838-4B06-460D-B2A3-945985AD294A}.Release|Win32.Build.0 = Release|Win32
		{AEDB8838-4B06-460D-B2A3-945985AD294A}.Release|x64.ActiveCfg = Release|x64
		{AEDB8838-4B06-460D-B2A3-945985AD294A}.Release|x64.Build.0 = Release|x64
		{85D3699B-4D05-4A4E-BC9E-BD11390FD40A}.Debug|Win32.ActiveCfg = Debug
		{85D3699B-4D05-4A4E-BC9E-BD11390FD40A}.Debug|x64.ActiveCfg = Debug
		{85D3699B-4D05-4A4E-BC9E-BD11390FD40A}.Release|Win32.ActiveCfg = Release
		{85D3699B-4D05-4A4E-BC9E-BD11390FD40A}.Release|x64.ActiveCfg = Release
	EndGlobalSection
	GlobalSection(SolutionProperties) = preSolution
		HideSolutionNode = FALSE
	EndGlobalSection
	GlobalSection(ExtensibilityGlobals) = postSolution
		SolutionGuid = {55FE03EE-7348-4D6B-973D-066D19E1D4B8}
	EndGlobalSection
EndGlobal
